{
  "version": 4,
  "terraform_version": "1.10.3",
  "serial": 138,
  "lineage": "cc01d95c-7c93-d1a6-7560-f0949b809e27",
  "outputs": {
    "management_vm_ips": {
      "value": [
        "10.134.13.10"
      ],
      "type": [
        "tuple",
        [
          "string"
        ]
      ]
    },
    "storage_vm_ip": {
      "value": "10.134.13.8",
      "type": "string"
    },
    "worker_vm_ips": {
      "value": [
        "10.134.12.255",
        "10.134.13.5",
        "10.134.13.4"
      ],
      "type": [
        "tuple",
        [
          "string",
          "string",
          "string"
        ]
      ]
    }
  },
  "resources": [
    {
      "mode": "data",
      "type": "harvester_image",
      "name": "img",
      "provider": "provider[\"registry.terraform.io/harvester/harvester\"]",
      "instances": [
        {
          "schema_version": 0,
          "attributes": {
            "description": "",
            "display_name": "almalinux-9.4-20240805",
            "id": "harvester-public/image-bp52g",
            "message": "",
            "name": "image-bp52g",
            "namespace": "harvester-public",
            "progress": 100,
            "pvc_name": "",
            "pvc_namespace": "",
            "size": 591724544,
            "source_type": "download",
            "state": "Active",
            "storage_class_name": "harvester-longhorn",
            "storage_class_parameters": {
              "migratable": "true",
              "numberOfReplicas": "3",
              "staleReplicaTimeout": "30"
            },
            "tags": {},
            "url": "https://repo.almalinux.org/almalinux/9/cloud/x86_64/images/AlmaLinux-9-GenericCloud-9.4-20240805.x86_64.qcow2",
            "volume_storage_class_name": "longhorn-image-bp52g"
          },
          "sensitive_attributes": []
        }
      ]
    },
    {
      "mode": "data",
      "type": "harvester_ssh_key",
      "name": "mysshkey",
      "provider": "provider[\"registry.terraform.io/harvester/harvester\"]",
      "instances": [
        {
          "schema_version": 0,
          "attributes": {
            "description": "",
            "fingerprint": "e8:fc:92:85:58:94:52:80:69:92:de:a6:6d:86:0f:25",
            "id": "ucabpor-comp0235-ns/ucabpor-cnc",
            "message": null,
            "name": "ucabpor-cnc",
            "namespace": "ucabpor-comp0235-ns",
            "public_key": "ssh-rsa AAAAB3NzaC1yc2EAAAADAQABAAABgQDakMUDqN+nvskX71IjEF0VhEa4eYtoHN9eDluZEJAhS1MWgucX//mLSB/mfdaXzwcLrEvC11x7KOQAlCF7/Zxo5jRPeo3giNPBfYVh8hy/dKjjseDZX6/9jV3TGrivI8aHZ4LymKX8rR/e0987SpXA4bcvnA1bwHI8y289N6PFfAMgWPB5V7gx+AbCs6LDqjKx4M17Lz+pjsXPKBKeaQH8wJAQuoRb8gu9kg9nyZfP4AzuV+PLUquPERSKx8StV2lb4+OPb7TFdqwTlVTCCDXJVXxmcgff+JJGxwCFQ+D4tfWM7z4FlVDwK2QppXCEJemi+2xeAPTU3fl5UtxKc2y+zeNIQvo6A5Ux/OL9BPnHBe6a8RWQLm4YChYOy0MR20s0breW78vn+3/p9ee1MHgT1//7DBpK6WtfWL5H/nUup+xmLYCGd6BGKZ0EECHGPfoQhTSQvrg7rtrpj/Ia3g+ZMcobXitkkecoe6UNyW8LVY8cRVkPMERNIKOYAD81SHk= almalinux@ucabpor-vm\n",
            "state": "Validated",
            "tags": {}
          },
          "sensitive_attributes": []
        }
      ]
    },
    {
      "mode": "managed",
      "type": "harvester_cloudinit_secret",
      "name": "cloud-config",
      "provider": "provider[\"registry.terraform.io/harvester/harvester\"]",
      "instances": [
        {
          "schema_version": 0,
          "attributes": {
            "description": "",
            "id": "ucabpor-comp0235-ns/cloud-config-0bef54117b",
            "message": null,
            "name": "cloud-config-0bef54117b",
            "namespace": "ucabpor-comp0235-ns",
            "network_data": null,
            "network_data_base64": "",
            "state": null,
            "tags": null,
            "user_data": "#cloud-config\nbootcmd:\n  - [ dnf, config-manager, --set-enabled, crb ]\n  - [ dnf, install, -y, epel-release ]\n\nssh_authorized_keys:\n  - ssh-rsa AAAAB3NzaC1yc2EAAAADAQABAAABgQDakMUDqN+nvskX71IjEF0VhEa4eYtoHN9eDluZEJAhS1MWgucX//mLSB/mfdaXzwcLrEvC11x7KOQAlCF7/Zxo5jRPeo3giNPBfYVh8hy/dKjjseDZX6/9jV3TGrivI8aHZ4LymKX8rR/e0987SpXA4bcvnA1bwHI8y289N6PFfAMgWPB5V7gx+AbCs6LDqjKx4M17Lz+pjsXPKBKeaQH8wJAQuoRb8gu9kg9nyZfP4AzuV+PLUquPERSKx8StV2lb4+OPb7TFdqwTlVTCCDXJVXxmcgff+JJGxwCFQ+D4tfWM7z4FlVDwK2QppXCEJemi+2xeAPTU3fl5UtxKc2y+zeNIQvo6A5Ux/OL9BPnHBe6a8RWQLm4YChYOy0MR20s0breW78vn+3/p9ee1MHgT1//7DBpK6WtfWL5H/nUup+xmLYCGd6BGKZ0EECHGPfoQhTSQvrg7rtrpj/Ia3g+ZMcobXitkkecoe6UNyW8LVY8cRVkPMERNIKOYAD81SHk= almalinux@ucabpor-vm\n          # Public key from your ansible_key\n  - ssh-ed25519 AAAAC3NzaC1lZDI1NTE5AAAAIMd6wccFYaxf5Mn/Hk5MyRQvugd+FJuWJnvLt8wecr7S dbuchan@ML-RJKH0G50C0.local\n                # Public key from lecturer_key.pub\n",
            "user_data_base64": ""
          },
          "sensitive_attributes": [],
          "private": "bnVsbA==",
          "dependencies": [
            "data.harvester_ssh_key.mysshkey",
            "random_id.secret"
          ]
        }
      ]
    },
    {
      "mode": "managed",
      "type": "harvester_virtualmachine",
      "name": "mgmtvm",
      "provider": "provider[\"registry.terraform.io/harvester/harvester\"]",
      "instances": [
        {
          "index_key": 0,
          "schema_version": 0,
          "attributes": {
            "cloudinit": [
              {
                "network_data": "",
                "network_data_base64": "",
                "network_data_secret_name": "",
                "type": "noCloud",
                "user_data": "",
                "user_data_base64": "",
                "user_data_secret_name": "cloud-config-0bef54117b"
              }
            ],
            "cpu": 2,
            "description": "Host Node",
            "disk": [
              {
                "access_mode": "ReadWriteMany",
                "auto_delete": true,
                "boot_order": 1,
                "bus": "virtio",
                "container_image_name": "",
                "existing_volume_name": "",
                "hot_plug": false,
                "image": "harvester-public/image-bp52g",
                "name": "rootdisk",
                "size": "10Gi",
                "storage_class_name": "longhorn-image-bp52g",
                "type": "disk",
                "volume_mode": "Block",
                "volume_name": "ucabpor-mgmt-01-0bef54117b-rootdisk-44vdh"
              }
            ],
            "efi": true,
            "hostname": "ucabpor-mgmt-01-0bef54117b",
            "id": "ucabpor-comp0235-ns/ucabpor-mgmt-01-0bef54117b",
            "input": [],
            "machine_type": "q35",
            "memory": "4Gi",
            "message": null,
            "name": "ucabpor-mgmt-01-0bef54117b",
            "namespace": "ucabpor-comp0235-ns",
            "network_interface": [
              {
                "interface_name": "eth0",
                "ip_address": "10.134.13.10",
                "mac_address": "c6:8e:dd:e1:3c:c2",
                "model": "virtio",
                "name": "nic-1",
                "network_name": "ucabpor-comp0235-ns/ds4eng",
                "type": "bridge",
                "wait_for_lease": true
              }
            ],
            "node_name": "harvester-c8g4l",
            "reserved_memory": "100Mi",
            "restart_after_update": true,
            "run_strategy": "RerunOnFailure",
            "secure_boot": false,
            "ssh_keys": null,
            "start": null,
            "state": "Ready",
            "tags": {
              "condenser_ingress_grafana_hostname": "grafana-ucabpor",
              "condenser_ingress_grafana_port": "3000",
              "condenser_ingress_isAllowed": "true",
              "condenser_ingress_isEnabled": "true",
              "condenser_ingress_nodeexporter_hostname": "nodeexporter-ucabpor",
              "condenser_ingress_nodeexporter_port": "9100",
              "condenser_ingress_prometheus_hostname": "prometheus-ucabpor",
              "condenser_ingress_prometheus_port": "9090",
              "condenser_ingress_spark_hostname": "spark-ucabpor",
              "condenser_ingress_spark_port": "8080",
              "description": "Management_node_for_coordinating_the_environment",
              "role": "management",
              "storage_access_hostname": "ucabpor-s3",
              "storage_access_port": "9000",
              "storage_access_protocol": "https",
              "storage_console_hostname": "ucabpor-cons",
              "storage_console_port": "9001",
              "storage_console_protocol": "https"
            },
            "tpm": []
          },
          "sensitive_attributes": [],
          "private": "bnVsbA==",
          "dependencies": [
            "data.harvester_image.img",
            "data.harvester_ssh_key.mysshkey",
            "harvester_cloudinit_secret.cloud-config",
            "random_id.secret"
          ]
        }
      ]
    },
    {
      "mode": "managed",
      "type": "harvester_virtualmachine",
      "name": "storage",
      "provider": "provider[\"registry.terraform.io/harvester/harvester\"]",
      "instances": [
        {
          "index_key": 0,
          "schema_version": 0,
          "attributes": {
            "cloudinit": [
              {
                "network_data": "",
                "network_data_base64": "",
                "network_data_secret_name": "",
                "type": "noCloud",
                "user_data": "",
                "user_data_base64": "",
                "user_data_secret_name": "cloud-config-0bef54117b"
              }
            ],
            "cpu": 4,
            "description": "Storage Node",
            "disk": [
              {
                "access_mode": "ReadWriteMany",
                "auto_delete": true,
                "boot_order": 1,
                "bus": "virtio",
                "container_image_name": "",
                "existing_volume_name": "",
                "hot_plug": false,
                "image": "harvester-public/image-bp52g",
                "name": "rootdisk",
                "size": "10Gi",
                "storage_class_name": "longhorn-image-bp52g",
                "type": "disk",
                "volume_mode": "Block",
                "volume_name": "ucabpor-storage-0bef54117b-rootdisk-2p62q"
              },
              {
                "access_mode": "ReadWriteMany",
                "auto_delete": true,
                "boot_order": 0,
                "bus": "virtio",
                "container_image_name": "",
                "existing_volume_name": "",
                "hot_plug": false,
                "image": "",
                "name": "datadisk",
                "size": "200Gi",
                "storage_class_name": "harvester-longhorn",
                "type": "disk",
                "volume_mode": "Block",
                "volume_name": "ucabpor-storage-0bef54117b-datadisk-wklf5"
              }
            ],
            "efi": true,
            "hostname": "ucabpor-storage-0bef54117b",
            "id": "ucabpor-comp0235-ns/ucabpor-storage-0bef54117b",
            "input": [],
            "machine_type": "q35",
            "memory": "8Gi",
            "message": null,
            "name": "ucabpor-storage-0bef54117b",
            "namespace": "ucabpor-comp0235-ns",
            "network_interface": [
              {
                "interface_name": "eth0",
                "ip_address": "10.134.13.8",
                "mac_address": "3a:06:91:6a:a0:e7",
                "model": "virtio",
                "name": "nic-1",
                "network_name": "ucabpor-comp0235-ns/ds4eng",
                "type": "bridge",
                "wait_for_lease": true
              }
            ],
            "node_name": "harvester-xzx9r",
            "reserved_memory": "100Mi",
            "restart_after_update": true,
            "run_strategy": "RerunOnFailure",
            "secure_boot": false,
            "ssh_keys": null,
            "start": null,
            "state": "Ready",
            "tags": {
              "condenser_ingress_cons_hostname": "ucabpor-cons",
              "condenser_ingress_cons_nginx_proxy-body-size": "100000m",
              "condenser_ingress_cons_port": "9001",
              "condenser_ingress_cons_protocol": "https",
              "condenser_ingress_isAllowed": "true",
              "condenser_ingress_isEnabled": "true",
              "condenser_ingress_os_hostname": "ucabpor-s3",
              "condenser_ingress_os_nginx_proxy-body-size": "100000m",
              "condenser_ingress_os_port": "9000",
              "condenser_ingress_os_protocol": "https",
              "description": "Storage_node_for_MinIO_or_other_storage_services",
              "role": "storage"
            },
            "tpm": []
          },
          "sensitive_attributes": [],
          "private": "bnVsbA==",
          "dependencies": [
            "data.harvester_image.img",
            "data.harvester_ssh_key.mysshkey",
            "harvester_cloudinit_secret.cloud-config",
            "random_id.secret"
          ]
        }
      ]
    },
    {
      "mode": "managed",
      "type": "harvester_virtualmachine",
      "name": "worker",
      "provider": "provider[\"registry.terraform.io/harvester/harvester\"]",
      "instances": [
        {
          "index_key": 0,
          "schema_version": 0,
          "attributes": {
            "cloudinit": [
              {
                "network_data": "",
                "network_data_base64": "",
                "network_data_secret_name": "",
                "type": "noCloud",
                "user_data": "",
                "user_data_base64": "",
                "user_data_secret_name": "cloud-config-0bef54117b"
              }
            ],
            "cpu": 4,
            "description": "Worker Node",
            "disk": [
              {
                "access_mode": "ReadWriteMany",
                "auto_delete": true,
                "boot_order": 1,
                "bus": "virtio",
                "container_image_name": "",
                "existing_volume_name": "",
                "hot_plug": false,
                "image": "harvester-public/image-bp52g",
                "name": "rootdisk",
                "size": "25Gi",
                "storage_class_name": "longhorn-image-bp52g",
                "type": "disk",
                "volume_mode": "Block",
                "volume_name": "ucabpor-worker-01-0bef54117b-rootdisk-h5p6p"
              }
            ],
            "efi": true,
            "hostname": "ucabpor-worker-01-0bef54117b",
            "id": "ucabpor-comp0235-ns/ucabpor-worker-01-0bef54117b",
            "input": [],
            "machine_type": "q35",
            "memory": "32Gi",
            "message": null,
            "name": "ucabpor-worker-01-0bef54117b",
            "namespace": "ucabpor-comp0235-ns",
            "network_interface": [
              {
                "interface_name": "eth0",
                "ip_address": "10.134.12.255",
                "mac_address": "6e:5e:db:67:20:19",
                "model": "virtio",
                "name": "nic-1",
                "network_name": "ucabpor-comp0235-ns/ds4eng",
                "type": "bridge",
                "wait_for_lease": true
              }
            ],
            "node_name": "harvester-pv8c7",
            "reserved_memory": "100Mi",
            "restart_after_update": true,
            "run_strategy": "RerunOnFailure",
            "secure_boot": true,
            "ssh_keys": null,
            "start": null,
            "state": "Ready",
            "tags": {
              "condenser_ingress_isAllowed": "true",
              "condenser_ingress_isEnabled": "true",
              "condenser_ingress_nodeexporter_hostname": "nodeexporter-worker-1-ucabpor",
              "condenser_ingress_nodeexporter_port": "9100",
              "condenser_ingress_spark_hostname": "spark-worker-1-ucabpor",
              "condenser_ingress_spark_port": "8081",
              "description": "Worker_node_for_compute_tasks_connected_to_storage",
              "role": "worker",
              "storage_access_hostname": "ucabpor-s3",
              "storage_access_port": "9000",
              "storage_access_protocol": "https",
              "storage_console_hostname": "ucabpor-cons",
              "storage_console_port": "9001",
              "storage_console_protocol": "https"
            },
            "tpm": []
          },
          "sensitive_attributes": [],
          "private": "bnVsbA==",
          "dependencies": [
            "data.harvester_image.img",
            "data.harvester_ssh_key.mysshkey",
            "harvester_cloudinit_secret.cloud-config",
            "random_id.secret"
          ]
        },
        {
          "index_key": 1,
          "schema_version": 0,
          "attributes": {
            "cloudinit": [
              {
                "network_data": "",
                "network_data_base64": "",
                "network_data_secret_name": "",
                "type": "noCloud",
                "user_data": "",
                "user_data_base64": "",
                "user_data_secret_name": "cloud-config-0bef54117b"
              }
            ],
            "cpu": 4,
            "description": "Worker Node",
            "disk": [
              {
                "access_mode": "ReadWriteMany",
                "auto_delete": true,
                "boot_order": 1,
                "bus": "virtio",
                "container_image_name": "",
                "existing_volume_name": "",
                "hot_plug": false,
                "image": "harvester-public/image-bp52g",
                "name": "rootdisk",
                "size": "25Gi",
                "storage_class_name": "longhorn-image-bp52g",
                "type": "disk",
                "volume_mode": "Block",
                "volume_name": "ucabpor-worker-02-0bef54117b-rootdisk-n2269"
              }
            ],
            "efi": true,
            "hostname": "ucabpor-worker-02-0bef54117b",
            "id": "ucabpor-comp0235-ns/ucabpor-worker-02-0bef54117b",
            "input": [],
            "machine_type": "q35",
            "memory": "32Gi",
            "message": null,
            "name": "ucabpor-worker-02-0bef54117b",
            "namespace": "ucabpor-comp0235-ns",
            "network_interface": [
              {
                "interface_name": "eth0",
                "ip_address": "10.134.13.5",
                "mac_address": "ba:f2:e4:fb:28:ac",
                "model": "virtio",
                "name": "nic-1",
                "network_name": "ucabpor-comp0235-ns/ds4eng",
                "type": "bridge",
                "wait_for_lease": true
              }
            ],
            "node_name": "harvester-vkqnn",
            "reserved_memory": "100Mi",
            "restart_after_update": true,
            "run_strategy": "RerunOnFailure",
            "secure_boot": true,
            "ssh_keys": null,
            "start": null,
            "state": "Ready",
            "tags": {
              "condenser_ingress_isAllowed": "true",
              "condenser_ingress_isEnabled": "true",
              "condenser_ingress_nodeexporter_hostname": "nodeexporter-worker-2-ucabpor",
              "condenser_ingress_nodeexporter_port": "9100",
              "condenser_ingress_spark_hostname": "spark-worker-2-ucabpor",
              "condenser_ingress_spark_port": "8081",
              "description": "Worker_node_for_compute_tasks_connected_to_storage",
              "role": "worker",
              "storage_access_hostname": "ucabpor-s3",
              "storage_access_port": "9000",
              "storage_access_protocol": "https",
              "storage_console_hostname": "ucabpor-cons",
              "storage_console_port": "9001",
              "storage_console_protocol": "https"
            },
            "tpm": []
          },
          "sensitive_attributes": [],
          "private": "bnVsbA==",
          "dependencies": [
            "data.harvester_image.img",
            "data.harvester_ssh_key.mysshkey",
            "harvester_cloudinit_secret.cloud-config",
            "random_id.secret"
          ]
        },
        {
          "index_key": 2,
          "schema_version": 0,
          "attributes": {
            "cloudinit": [
              {
                "network_data": "",
                "network_data_base64": "",
                "network_data_secret_name": "",
                "type": "noCloud",
                "user_data": "",
                "user_data_base64": "",
                "user_data_secret_name": "cloud-config-0bef54117b"
              }
            ],
            "cpu": 4,
            "description": "Worker Node",
            "disk": [
              {
                "access_mode": "ReadWriteMany",
                "auto_delete": true,
                "boot_order": 1,
                "bus": "virtio",
                "container_image_name": "",
                "existing_volume_name": "",
                "hot_plug": false,
                "image": "harvester-public/image-bp52g",
                "name": "rootdisk",
                "size": "25Gi",
                "storage_class_name": "longhorn-image-bp52g",
                "type": "disk",
                "volume_mode": "Block",
                "volume_name": "ucabpor-worker-03-0bef54117b-rootdisk-4jktk"
              }
            ],
            "efi": true,
            "hostname": "ucabpor-worker-03-0bef54117b",
            "id": "ucabpor-comp0235-ns/ucabpor-worker-03-0bef54117b",
            "input": [],
            "machine_type": "q35",
            "memory": "32Gi",
            "message": null,
            "name": "ucabpor-worker-03-0bef54117b",
            "namespace": "ucabpor-comp0235-ns",
            "network_interface": [
              {
                "interface_name": "eth0",
                "ip_address": "10.134.13.4",
                "mac_address": "a2:c2:d5:34:c7:62",
                "model": "virtio",
                "name": "nic-1",
                "network_name": "ucabpor-comp0235-ns/ds4eng",
                "type": "bridge",
                "wait_for_lease": true
              }
            ],
            "node_name": "harvester-h4ldf",
            "reserved_memory": "100Mi",
            "restart_after_update": true,
            "run_strategy": "RerunOnFailure",
            "secure_boot": true,
            "ssh_keys": null,
            "start": null,
            "state": "Ready",
            "tags": {
              "condenser_ingress_isAllowed": "true",
              "condenser_ingress_isEnabled": "true",
              "condenser_ingress_nodeexporter_hostname": "nodeexporter-worker-3-ucabpor",
              "condenser_ingress_nodeexporter_port": "9100",
              "condenser_ingress_spark_hostname": "spark-worker-3-ucabpor",
              "condenser_ingress_spark_port": "8081",
              "description": "Worker_node_for_compute_tasks_connected_to_storage",
              "role": "worker",
              "storage_access_hostname": "ucabpor-s3",
              "storage_access_port": "9000",
              "storage_access_protocol": "https",
              "storage_console_hostname": "ucabpor-cons",
              "storage_console_port": "9001",
              "storage_console_protocol": "https"
            },
            "tpm": []
          },
          "sensitive_attributes": [],
          "private": "bnVsbA==",
          "dependencies": [
            "data.harvester_image.img",
            "data.harvester_ssh_key.mysshkey",
            "harvester_cloudinit_secret.cloud-config",
            "random_id.secret"
          ]
        }
      ]
    },
    {
      "mode": "managed",
      "type": "random_id",
      "name": "secret",
      "provider": "provider[\"registry.terraform.io/hashicorp/random\"]",
      "instances": [
        {
          "schema_version": 0,
          "attributes": {
            "b64_std": "C+9UEXs=",
            "b64_url": "C-9UEXs",
            "byte_length": 5,
            "dec": "51259904379",
            "hex": "0bef54117b",
            "id": "C-9UEXs",
            "keepers": null,
            "prefix": null
          },
          "sensitive_attributes": []
        }
      ]
    }
  ],
  "check_results": null
}
